<?xml version="1.0" encoding="utf-8"?>
<Project ToolsVersion="4.0" xmlns="http://schemas.microsoft.com/developer/msbuild/2003">
  <ItemGroup>
    <Filter Include="Source Files">
      <UniqueIdentifier>{4FC737F1-C7A5-4376-A066-2A32D752A2FF}</UniqueIdentifier>
      <Extensions>cpp;c;cc;cxx;def;odl;idl;hpj;bat;asm;asmx</Extensions>
    </Filter>
    <Filter Include="Header Files">
      <UniqueIdentifier>{93995380-89BD-4b04-88EB-625FBE52EBFB}</UniqueIdentifier>
      <Extensions>h;hpp;hxx;hm;inl;inc;xsd</Extensions>
    </Filter>
  </ItemGroup>
  <ItemGroup>
    <ClCompile Include="converter.cpp">
      <Filter>Source Files</Filter>
    </ClCompile>
    <ClCompile Include="daeMain.cpp">
      <Filter>Source Files</Filter>
    </ClCompile>
    <ClCompile Include="main.cpp">
      <Filter>Source Files</Filter>
    </ClCompile>
    <ClCompile Include="optimizer.cpp">
      <Filter>Source Files</Filter>
    </ClCompile>
    <ClCompile Include="utils.cpp">
      <Filter>Source Files</Filter>
    </ClCompile>
  </ItemGroup>
  <ItemGroup>
    <ClInclude Include="converter.h">
      <Filter>Header Files</Filter>
    </ClInclude>
    <ClInclude Include="daeCommon.h">
      <Filter>Header Files</Filter>
    </ClInclude>
    <ClInclude Include="daeLibAnimations.h">
      <Filter>Header Files</Filter>
    </ClInclude>
    <ClInclude Include="daeLibControllers.h">
      <Filter>Header Files</Filter>
    </ClInclude>
    <ClInclude Include="daeLibEffects.h">
      <Filter>Header Files</Filter>
    </ClInclude>
    <ClInclude Include="daeLibGeometries.h">
      <Filter>Header Files</Filter>
    </ClInclude>
    <ClInclude Include="daeLibImages.h">
      <Filter>Header Files</Filter>
    </ClInclude>
    <ClInclude Include="daeLibMaterials.h">
      <Filter>Header Files</Filter>
    </ClInclude>
    <ClInclude Include="daeLibNodes.h">
      <Filter>Header Files</Filter>
    </ClInclude>
    <ClInclude Include="daeLibVisualScenes.h">
      <Filter>Header Files</Filter>
    </ClInclude>
    <ClInclude Include="daeMain.h">
      <Filter>Header Files</Filter>
    </ClInclude>
    <ClInclude Include="optimizer.h">
      <Filter>Header Files</Filter>
    </ClInclude>
    <ClInclude Include="utils.h">
      <Filter>Header Files</Filter>
    </ClInclude>
    <ClInclude Include="..\Shared\utMath.h">
      <Filter>Header Files</Filter>
    </ClInclude>
    <ClInclude Include="..\Shared\utPlatform.h">
      <Filter>Header Files</Filter>
    </ClInclude>
    <ClInclude Include="..\Shared\utXML.h">
      <Filter>Header Files</Filter>
    </ClInclude>
  </ItemGroup>
</Project>