<?xml version="1.0" encoding="utf-8"?>
<Project ToolsVersion="4.0" xmlns="http://schemas.microsoft.com/developer/msbuild/2003">
  <ItemGroup>
    <Filter Include="Source Files">
      <UniqueIdentifier>{4FC737F1-C7A5-4376-A066-2A32D752A2FF}</UniqueIdentifier>
      <Extensions>cpp;c;cc;cxx;def;odl;idl;hpj;bat;asm;asmx</Extensions>
    </Filter>
    <Filter Include="Header Files">
      <UniqueIdentifier>{93995380-89BD-4b04-88EB-625FBE52EBFB}</UniqueIdentifier>
      <Extensions>h;hpp;hxx;hm;inl;inc;xsd</Extensions>
    </Filter>
  </ItemGroup>
  <ItemGroup>
    <ClCompile Include="egAnimatables.cpp">
      <Filter>Source Files</Filter>
    </ClCompile>
    <ClCompile Include="egAnimation.cpp">
      <Filter>Source Files</Filter>
    </ClCompile>
    <ClCompile Include="egCamera.cpp">
      <Filter>Source Files</Filter>
    </ClCompile>
    <ClCompile Include="egCom.cpp">
      <Filter>Source Files</Filter>
    </ClCompile>
    <ClCompile Include="egExtensions.cpp">
      <Filter>Source Files</Filter>
    </ClCompile>
    <ClCompile Include="egGeometry.cpp">
      <Filter>Source Files</Filter>
    </ClCompile>
    <ClCompile Include="egLight.cpp">
      <Filter>Source Files</Filter>
    </ClCompile>
    <ClCompile Include="egMain.cpp">
      <Filter>Source Files</Filter>
    </ClCompile>
    <ClCompile Include="egMaterial.cpp">
      <Filter>Source Files</Filter>
    </ClCompile>
    <ClCompile Include="egModel.cpp">
      <Filter>Source Files</Filter>
    </ClCompile>
    <ClCompile Include="egModules.cpp">
      <Filter>Source Files</Filter>
    </ClCompile>
    <ClCompile Include="egParticle.cpp">
      <Filter>Source Files</Filter>
    </ClCompile>
    <ClCompile Include="egPipeline.cpp">
      <Filter>Source Files</Filter>
    </ClCompile>
    <ClCompile Include="egPrimitives.cpp">
      <Filter>Source Files</Filter>
    </ClCompile>
    <ClCompile Include="egRenderer.cpp">
      <Filter>Source Files</Filter>
    </ClCompile>
    <ClCompile Include="egRendererBase.cpp">
      <Filter>Source Files</Filter>
    </ClCompile>
    <ClCompile Include="egResource.cpp">
      <Filter>Source Files</Filter>
    </ClCompile>
    <ClCompile Include="egScene.cpp">
      <Filter>Source Files</Filter>
    </ClCompile>
    <ClCompile Include="egSceneGraphRes.cpp">
      <Filter>Source Files</Filter>
    </ClCompile>
    <ClCompile Include="egShader.cpp">
      <Filter>Source Files</Filter>
    </ClCompile>
    <ClCompile Include="egTexture.cpp">
      <Filter>Source Files</Filter>
    </ClCompile>
    <ClCompile Include="utImage.cpp">
      <Filter>Source Files</Filter>
    </ClCompile>
    <ClCompile Include="utOpenGL.cpp">
      <Filter>Source Files</Filter>
    </ClCompile>
  </ItemGroup>
  <ItemGroup>
    <ClInclude Include="config.h">
      <Filter>Header Files</Filter>
    </ClInclude>
    <ClInclude Include="egAnimatables.h">
      <Filter>Header Files</Filter>
    </ClInclude>
    <ClInclude Include="egAnimation.h">
      <Filter>Header Files</Filter>
    </ClInclude>
    <ClInclude Include="egCamera.h">
      <Filter>Header Files</Filter>
    </ClInclude>
    <ClInclude Include="egCom.h">
      <Filter>Header Files</Filter>
    </ClInclude>
    <ClInclude Include="egExtensions.h">
      <Filter>Header Files</Filter>
    </ClInclude>
    <ClInclude Include="egGeometry.h">
      <Filter>Header Files</Filter>
    </ClInclude>
    <ClInclude Include="egLight.h">
      <Filter>Header Files</Filter>
    </ClInclude>
    <ClInclude Include="egMaterial.h">
      <Filter>Header Files</Filter>
    </ClInclude>
    <ClInclude Include="egModel.h">
      <Filter>Header Files</Filter>
    </ClInclude>
    <ClInclude Include="egModules.h">
      <Filter>Header Files</Filter>
    </ClInclude>
    <ClInclude Include="egParticle.h">
      <Filter>Header Files</Filter>
    </ClInclude>
    <ClInclude Include="egPipeline.h">
      <Filter>Header Files</Filter>
    </ClInclude>
    <ClInclude Include="egPrerequisites.h">
      <Filter>Header Files</Filter>
    </ClInclude>
    <ClInclude Include="egPrimitives.h">
      <Filter>Header Files</Filter>
    </ClInclude>
    <ClInclude Include="egRenderer.h">
      <Filter>Header Files</Filter>
    </ClInclude>
    <ClInclude Include="egRendererBase.h">
      <Filter>Header Files</Filter>
    </ClInclude>
    <ClInclude Include="egResource.h">
      <Filter>Header Files</Filter>
    </ClInclude>
    <ClInclude Include="egScene.h">
      <Filter>Header Files</Filter>
    </ClInclude>
    <ClInclude Include="egSceneGraphRes.h">
      <Filter>Header Files</Filter>
    </ClInclude>
    <ClInclude Include="egShader.h">
      <Filter>Header Files</Filter>
    </ClInclude>
    <ClInclude Include="egTexture.h">
      <Filter>Header Files</Filter>
    </ClInclude>
    <ClInclude Include="..\Shared\utDebug.h">
      <Filter>Header Files</Filter>
    </ClInclude>
    <ClInclude Include="utImage.h">
      <Filter>Header Files</Filter>
    </ClInclude>
    <ClInclude Include="..\Shared\utMath.h">
      <Filter>Header Files</Filter>
    </ClInclude>
    <ClInclude Include="utOpenGL.h">
      <Filter>Header Files</Filter>
    </ClInclude>
    <ClInclude Include="..\Shared\utPlatform.h">
      <Filter>Header Files</Filter>
    </ClInclude>
    <ClInclude Include="utTimer.h">
      <Filter>Header Files</Filter>
    </ClInclude>
    <ClInclude Include="..\Shared\utXML.h">
      <Filter>Header Files</Filter>
    </ClInclude>
  </ItemGroup>
</Project>